
Microsoft Visual Studio Solution File, Format Version 12.00
# Visual Studio Version 17
VisualStudioVersion = 17.12.35521.163
MinimumVisualStudioVersion = 10.0.40219.1
Project("{FAE04EC0-301F-11D3-BF4B-00C04F79EFBC}") = "Application", "CleanArchitecture\src\Application\Application.csproj", "{BC284993-0BC9-4B5F-9495-CE0AF22BFE8D}"
EndProject
Project("{FAE04EC0-301F-11D3-BF4B-00C04F79EFBC}") = "Domain", "CleanArchitecture\src\Domain\Domain.csproj", "{FCC2F77C-FC36-4DDE-826B-109B4F95E1DB}"
EndProject
Project("{FAE04EC0-301F-11D3-BF4B-00C04F79EFBC}") = "Infrastructure", "CleanArchitecture\src\Infrastructure\Infrastructure.csproj", "{1967D640-85A0-4A4A-A9B8-DAC8D5D4C1B0}"
EndProject
Project("{FAE04EC0-301F-11D3-BF4B-00C04F79EFBC}") = "Web", "CleanArchitecture\src\Web\Web.csproj", "{EAC4DE8C-B00A-415C-98D6-B6A0FCFB4611}"
EndProject
Project("{FAE04EC0-301F-11D3-BF4B-00C04F79EFBC}") = "Application.FunctionalTests", "CleanArchitecture\tests\Application.FunctionalTests\Application.FunctionalTests.csproj", "{BB1235D8-B3B0-4791-AF9C-9EAFB4A49A3F}"
EndProject
Project("{FAE04EC0-301F-11D3-BF4B-00C04F79EFBC}") = "Application.UnitTests", "CleanArchitecture\tests\Application.UnitTests\Application.UnitTests.csproj", "{A6C80699-22E8-4183-A408-8F6175460D61}"
EndProject
Project("{FAE04EC0-301F-11D3-BF4B-00C04F79EFBC}") = "Domain.UnitTests", "CleanArchitecture\tests\Domain.UnitTests\Domain.UnitTests.csproj", "{F19643C8-EE3E-4EE5-AB46-D3637055DD8C}"
EndProject
Project("{FAE04EC0-301F-11D3-BF4B-00C04F79EFBC}") = "Infrastructure.IntegrationTests", "CleanArchitecture\tests\Infrastructure.IntegrationTests\Infrastructure.IntegrationTests.csproj", "{CF127DDF-75CE-4B7D-91B0-A1C8B1AE75CA}"
EndProject
Project("{2150E333-8FDC-42A3-9474-1A3956D46DE8}") = "Solution Items", "Solution Items", "{CEE71273-053C-4A9A-8637-FFA3373131F7}"
	ProjectSection(SolutionItems) = preProject
		CleanArchitecture\README.md = CleanArchitecture\README.md
	EndProjectSection
EndProject
Global
	GlobalSection(SolutionConfigurationPlatforms) = preSolution
		Debug|Any CPU = Debug|Any CPU
		Release|Any CPU = Release|Any CPU
	EndGlobalSection
	GlobalSection(ProjectConfigurationPlatforms) = postSolution
		{BC284993-0BC9-4B5F-9495-CE0AF22BFE8D}.Debug|Any CPU.ActiveCfg = Debug|Any CPU
		{BC284993-0BC9-4B5F-9495-CE0AF22BFE8D}.Debug|Any CPU.Build.0 = Debug|Any CPU
		{BC284993-0BC9-4B5F-9495-CE0AF22BFE8D}.Release|Any CPU.ActiveCfg = Release|Any CPU
		{BC284993-0BC9-4B5F-9495-CE0AF22BFE8D}.Release|Any CPU.Build.0 = Release|Any CPU
		{FCC2F77C-FC36-4DDE-826B-109B4F95E1DB}.Debug|Any CPU.ActiveCfg = Debug|Any CPU
		{FCC2F77C-FC36-4DDE-826B-109B4F95E1DB}.Debug|Any CPU.Build.0 = Debug|Any CPU
		{FCC2F77C-FC36-4DDE-826B-109B4F95E1DB}.Release|Any CPU.ActiveCfg = Release|Any CPU
		{FCC2F77C-FC36-4DDE-826B-109B4F95E1DB}.Release|Any CPU.Build.0 = Release|Any CPU
		{1967D640-85A0-4A4A-A9B8-DAC8D5D4C1B0}.Debug|Any CPU.ActiveCfg = Debug|Any CPU
		{1967D640-85A0-4A4A-A9B8-DAC8D5D4C1B0}.Debug|Any CPU.Build.0 = Debug|Any CPU
		{1967D640-85A0-4A4A-A9B8-DAC8D5D4C1B0}.Release|Any CPU.ActiveCfg = Release|Any CPU
		{1967D640-85A0-4A4A-A9B8-DAC8D5D4C1B0}.Release|Any CPU.Build.0 = Release|Any CPU
		{EAC4DE8C-B00A-415C-98D6-B6A0FCFB4611}.Debug|Any CPU.ActiveCfg = Debug|Any CPU
		{EAC4DE8C-B00A-415C-98D6-B6A0FCFB4611}.Debug|Any CPU.Build.0 = Debug|Any CPU
		{EAC4DE8C-B00A-415C-98D6-B6A0FCFB4611}.Release|Any CPU.ActiveCfg = Release|Any CPU
		{EAC4DE8C-B00A-415C-98D6-B6A0FCFB4611}.Release|Any CPU.Build.0 = Release|Any CPU
		{BB1235D8-B3B0-4791-AF9C-9EAFB4A49A3F}.Debug|Any CPU.ActiveCfg = Debug|Any CPU
		{BB1235D8-B3B0-4791-AF9C-9EAFB4A49A3F}.Debug|Any CPU.Build.0 = Debug|Any CPU
		{BB1235D8-B3B0-4791-AF9C-9EAFB4A49A3F}.Release|Any CPU.ActiveCfg = Release|Any CPU
		{BB1235D8-B3B0-4791-AF9C-9EAFB4A49A3F}.Release|Any CPU.Build.0 = Release|Any CPU
		{A6C80699-22E8-4183-A408-8F6175460D61}.Debug|Any CPU.ActiveCfg = Debug|Any CPU
		{A6C80699-22E8-4183-A408-8F6175460D61}.Debug|Any CPU.Build.0 = Debug|Any CPU
		{A6C80699-22E8-4183-A408-8F6175460D61}.Release|Any CPU.ActiveCfg = Release|Any CPU
		{A6C80699-22E8-4183-A408-8F6175460D61}.Release|Any CPU.Build.0 = Release|Any CPU
		{F19643C8-EE3E-4EE5-AB46-D3637055DD8C}.Debug|Any CPU.ActiveCfg = Debug|Any CPU
		{F19643C8-EE3E-4EE5-AB46-D3637055DD8C}.Debug|Any CPU.Build.0 = Debug|Any CPU
		{F19643C8-EE3E-4EE5-AB46-D3637055DD8C}.Release|Any CPU.ActiveCfg = Release|Any CPU
		{F19643C8-EE3E-4EE5-AB46-D3637055DD8C}.Release|Any CPU.Build.0 = Release|Any CPU
		{CF127DDF-75CE-4B7D-91B0-A1C8B1AE75CA}.Debug|Any CPU.ActiveCfg = Debug|Any CPU
		{CF127DDF-75CE-4B7D-91B0-A1C8B1AE75CA}.Debug|Any CPU.Build.0 = Debug|Any CPU
		{CF127DDF-75CE-4B7D-91B0-A1C8B1AE75CA}.Release|Any CPU.ActiveCfg = Release|Any CPU
		{CF127DDF-75CE-4B7D-91B0-A1C8B1AE75CA}.Release|Any CPU.Build.0 = Release|Any CPU
	EndGlobalSection
	GlobalSection(SolutionProperties) = preSolution
		HideSolutionNode = FALSE
	EndGlobalSection
EndGlobal
